
Microsoft Visual Studio Solution File, Format Version 12.00
# Visual Studio 14
VisualStudioVersion = 14.0.23107.0
MinimumVisualStudioVersion = 10.0.40219.1
Project("{FAE04EC0-301F-11D3-BF4B-00C04F79EFBC}") = "Qu3e", "src\Qu3e.csproj", "{ABF57AFB-695D-4641-84B3-D33D3658CCDC}"
EndProject
Project("{FAE04EC0-301F-11D3-BF4B-00C04F79EFBC}") = "Qu3e-Demo", "demo\Qu3e-Demo.csproj", "{0CD7DF17-6AC3-4548-B8CB-7E6CE79C152A}"
EndProject
Global
	GlobalSection(SolutionConfigurationPlatforms) = preSolution
		Debug|Any CPU = Debug|Any CPU
		Release|Any CPU = Release|Any CPU
	EndGlobalSection
	GlobalSection(ProjectConfigurationPlatforms) = postSolution
		{ABF57AFB-695D-4641-84B3-D33D3658CCDC}.Debug|Any CPU.ActiveCfg = Debug|Any CPU
		{ABF57AFB-695D-4641-84B3-D33D3658CCDC}.Debug|Any CPU.Build.0 = Debug|Any CPU
		{ABF57AFB-695D-4641-84B3-D33D3658CCDC}.Release|Any CPU.ActiveCfg = Release|Any CPU
		{ABF57AFB-695D-4641-84B3-D33D3658CCDC}.Release|Any CPU.Build.0 = Release|Any CPU
		{0CD7DF17-6AC3-4548-B8CB-7E6CE79C152A}.Debug|Any CPU.ActiveCfg = Debug|Any CPU
		{0CD7DF17-6AC3-4548-B8CB-7E6CE79C152A}.Debug|Any CPU.Build.0 = Debug|Any CPU
		{0CD7DF17-6AC3-4548-B8CB-7E6CE79C152A}.Release|Any CPU.ActiveCfg = Release|Any CPU
		{0CD7DF17-6AC3-4548-B8CB-7E6CE79C152A}.Release|Any CPU.Build.0 = Release|Any CPU
	EndGlobalSection
	GlobalSection(SolutionProperties) = preSolution
		HideSolutionNode = FALSE
	EndGlobalSection
EndGlobal
